
Microsoft Visual Studio Solution File, Format Version 12.00
# Visual Studio 15
VisualStudioVersion = 15.0.26430.13
MinimumVisualStudioVersion = 10.0.40219.1
Project("{FAE04EC0-301F-11D3-BF4B-00C04F79EFBC}") = "CubicArtillery", "CubicArtillery\CubicArtillery.csproj", "{679A18CA-7CAA-4A2C-B47E-D5707EC3A810}"
EndProject
Project("{FAE04EC0-301F-11D3-BF4B-00C04F79EFBC}") = "CubicsRube", "CubicsRube\CubicsRube.csproj", "{D9972CE4-AE98-485A-A9B1-F25C64DEBD63}"
EndProject
Project("{FAE04EC0-301F-11D3-BF4B-00C04F79EFBC}") = "CubicMessages", "CubicMessages\CubicMessages.csproj", "{A345395C-E38A-48CE-9575-0FCF21CC4E6E}"
EndProject
Project("{FAE04EC0-301F-11D3-BF4B-00C04F79EFBC}") = "CubicAssault", "CubicAssault\CubicAssault.csproj", "{99A3C579-9FA0-439F-A0E1-ECBFCC4BACDD}"
EndProject
Global
	GlobalSection(SolutionConfigurationPlatforms) = preSolution
		Debug|Any CPU = Debug|Any CPU
		Release|Any CPU = Release|Any CPU
	EndGlobalSection
	GlobalSection(ProjectConfigurationPlatforms) = postSolution
		{679A18CA-7CAA-4A2C-B47E-D5707EC3A810}.Debug|Any CPU.ActiveCfg = Debug|Any CPU
		{679A18CA-7CAA-4A2C-B47E-D5707EC3A810}.Debug|Any CPU.Build.0 = Debug|Any CPU
		{679A18CA-7CAA-4A2C-B47E-D5707EC3A810}.Release|Any CPU.ActiveCfg = Release|Any CPU
		{679A18CA-7CAA-4A2C-B47E-D5707EC3A810}.Release|Any CPU.Build.0 = Release|Any CPU
		{D9972CE4-AE98-485A-A9B1-F25C64DEBD63}.Debug|Any CPU.ActiveCfg = Debug|Any CPU
		{D9972CE4-AE98-485A-A9B1-F25C64DEBD63}.Debug|Any CPU.Build.0 = Debug|Any CPU
		{D9972CE4-AE98-485A-A9B1-F25C64DEBD63}.Release|Any CPU.ActiveCfg = Release|Any CPU
		{D9972CE4-AE98-485A-A9B1-F25C64DEBD63}.Release|Any CPU.Build.0 = Release|Any CPU
		{A345395C-E38A-48CE-9575-0FCF21CC4E6E}.Debug|Any CPU.ActiveCfg = Debug|Any CPU
		{A345395C-E38A-48CE-9575-0FCF21CC4E6E}.Debug|Any CPU.Build.0 = Debug|Any CPU
		{A345395C-E38A-48CE-9575-0FCF21CC4E6E}.Release|Any CPU.ActiveCfg = Release|Any CPU
		{A345395C-E38A-48CE-9575-0FCF21CC4E6E}.Release|Any CPU.Build.0 = Release|Any CPU
		{99A3C579-9FA0-439F-A0E1-ECBFCC4BACDD}.Debug|Any CPU.ActiveCfg = Debug|Any CPU
		{99A3C579-9FA0-439F-A0E1-ECBFCC4BACDD}.Debug|Any CPU.Build.0 = Debug|Any CPU
		{99A3C579-9FA0-439F-A0E1-ECBFCC4BACDD}.Release|Any CPU.ActiveCfg = Release|Any CPU
		{99A3C579-9FA0-439F-A0E1-ECBFCC4BACDD}.Release|Any CPU.Build.0 = Release|Any CPU
	EndGlobalSection
	GlobalSection(SolutionProperties) = preSolution
		HideSolutionNode = FALSE
	EndGlobalSection
EndGlobal
